
Microsoft Visual Studio Solution File, Format Version 12.00
# Visual Studio 15
VisualStudioVersion = 15.0.28307.2092
MinimumVisualStudioVersion = 10.0.40219.1
Project("{FAE04EC0-301F-11D3-BF4B-00C04F79EFBC}") = "TChartSampleTest", "TChartSampleTest\TChartSampleTest.csproj", "{CDAE54B4-6876-4788-9ECE-A0E5D70D834A}"
EndProject
Global
	GlobalSection(SolutionConfigurationPlatforms) = preSolution
		Debug|Any CPU = Debug|Any CPU
		Release|Any CPU = Release|Any CPU
	EndGlobalSection
	GlobalSection(ProjectConfigurationPlatforms) = postSolution
		{CDAE54B4-6876-4788-9ECE-A0E5D70D834A}.Debug|Any CPU.ActiveCfg = Debug|Any CPU
		{CDAE54B4-6876-4788-9ECE-A0E5D70D834A}.Debug|Any CPU.Build.0 = Debug|Any CPU
		{CDAE54B4-6876-4788-9ECE-A0E5D70D834A}.Release|Any CPU.ActiveCfg = Release|Any CPU
		{CDAE54B4-6876-4788-9ECE-A0E5D70D834A}.Release|Any CPU.Build.0 = Release|Any CPU
	EndGlobalSection
	GlobalSection(SolutionProperties) = preSolution
		HideSolutionNode = FALSE
	EndGlobalSection
	GlobalSection(ExtensibilityGlobals) = postSolution
		SolutionGuid = {604943DB-AC2E-457C-B710-5BF90E4EAC12}
	EndGlobalSection
EndGlobal
